// !$*UTF8*$!
{
	archiveVersion = 1;
	classes = {
	};
	objectVersion = 50;
	objects = {

/* Begin PBXBuildFile section */
		A56A171C25FA80BF008CC4A8 /* GameNetApp.swift in Sources */ = {isa = PBXBuildFile; fileRef = A56A170925FA80BE008CC4A8 /* GameNetApp.swift */; };
		A56A171D25FA80BF008CC4A8 /* GameNetApp.swift in Sources */ = {isa = PBXBuildFile; fileRef = A56A170925FA80BE008CC4A8 /* GameNetApp.swift */; };
		A56A171E25FA80BF008CC4A8 /* ContentView.swift in Sources */ = {isa = PBXBuildFile; fileRef = A56A170A25FA80BE008CC4A8 /* ContentView.swift */; };
		A56A171F25FA80BF008CC4A8 /* ContentView.swift in Sources */ = {isa = PBXBuildFile; fileRef = A56A170A25FA80BE008CC4A8 /* ContentView.swift */; };
		A56A172025FA80BF008CC4A8 /* Assets.xcassets in Resources */ = {isa = PBXBuildFile; fileRef = A56A170B25FA80BF008CC4A8 /* Assets.xcassets */; };
		A56A172125FA80BF008CC4A8 /* Assets.xcassets in Resources */ = {isa = PBXBuildFile; fileRef = A56A170B25FA80BF008CC4A8 /* Assets.xcassets */; };
		A59A711F25FE331E00C9CBF1 /* Development.xcconfig in Resources */ = {isa = PBXBuildFile; fileRef = A59A711E25FE331E00C9CBF1 /* Development.xcconfig */; };
		A59A712025FE331E00C9CBF1 /* Development.xcconfig in Resources */ = {isa = PBXBuildFile; fileRef = A59A711E25FE331E00C9CBF1 /* Development.xcconfig */; };
		A59A712925FE34E900C9CBF1 /* Configuration.swift in Sources */ = {isa = PBXBuildFile; fileRef = A59A712825FE34E900C9CBF1 /* Configuration.swift */; };
		A59D728625FA836F001E2E21 /* DashboardView.swift in Sources */ = {isa = PBXBuildFile; fileRef = A59D728525FA836F001E2E21 /* DashboardView.swift */; };
		A59D728725FA836F001E2E21 /* DashboardView.swift in Sources */ = {isa = PBXBuildFile; fileRef = A59D728525FA836F001E2E21 /* DashboardView.swift */; };
		A59D728B25FA83AC001E2E21 /* GamesView.swift in Sources */ = {isa = PBXBuildFile; fileRef = A59D728A25FA83AC001E2E21 /* GamesView.swift */; };
		A59D728C25FA83AC001E2E21 /* GamesView.swift in Sources */ = {isa = PBXBuildFile; fileRef = A59D728A25FA83AC001E2E21 /* GamesView.swift */; };
		A59D729025FA83FC001E2E21 /* PlatformsView.swift in Sources */ = {isa = PBXBuildFile; fileRef = A59D728F25FA83FC001E2E21 /* PlatformsView.swift */; };
		A59D729125FA83FC001E2E21 /* PlatformsView.swift in Sources */ = {isa = PBXBuildFile; fileRef = A59D728F25FA83FC001E2E21 /* PlatformsView.swift */; };
		A59D729725FA8424001E2E21 /* ListsView.swift in Sources */ = {isa = PBXBuildFile; fileRef = A59D729625FA8424001E2E21 /* ListsView.swift */; };
		A59D729825FA8424001E2E21 /* ListsView.swift in Sources */ = {isa = PBXBuildFile; fileRef = A59D729625FA8424001E2E21 /* ListsView.swift */; };
/* End PBXBuildFile section */

/* Begin PBXFileReference section */
		A56A170925FA80BE008CC4A8 /* GameNetApp.swift */ = {isa = PBXFileReference; lastKnownFileType = sourcecode.swift; path = GameNetApp.swift; sourceTree = "<group>"; };
		A56A170A25FA80BE008CC4A8 /* ContentView.swift */ = {isa = PBXFileReference; lastKnownFileType = sourcecode.swift; path = ContentView.swift; sourceTree = "<group>"; };
		A56A170B25FA80BF008CC4A8 /* Assets.xcassets */ = {isa = PBXFileReference; lastKnownFileType = folder.assetcatalog; path = Assets.xcassets; sourceTree = "<group>"; };
		A56A171025FA80BF008CC4A8 /* GameNet.app */ = {isa = PBXFileReference; explicitFileType = wrapper.application; includeInIndex = 0; path = GameNet.app; sourceTree = BUILT_PRODUCTS_DIR; };
		A56A171325FA80BF008CC4A8 /* Info.plist */ = {isa = PBXFileReference; lastKnownFileType = text.plist.xml; path = Info.plist; sourceTree = "<group>"; };
		A56A171825FA80BF008CC4A8 /* GameNet.app */ = {isa = PBXFileReference; explicitFileType = wrapper.application; includeInIndex = 0; path = GameNet.app; sourceTree = BUILT_PRODUCTS_DIR; };
		A56A171A25FA80BF008CC4A8 /* Info.plist */ = {isa = PBXFileReference; lastKnownFileType = text.plist.xml; path = Info.plist; sourceTree = "<group>"; };
		A56A171B25FA80BF008CC4A8 /* macOS.entitlements */ = {isa = PBXFileReference; lastKnownFileType = text.plist.entitlements; path = macOS.entitlements; sourceTree = "<group>"; };
		A59A711E25FE331E00C9CBF1 /* Development.xcconfig */ = {isa = PBXFileReference; lastKnownFileType = text.xcconfig; path = Development.xcconfig; sourceTree = "<group>"; };
		A59A712825FE34E900C9CBF1 /* Configuration.swift */ = {isa = PBXFileReference; lastKnownFileType = sourcecode.swift; path = Configuration.swift; sourceTree = "<group>"; };
		A59D728525FA836F001E2E21 /* DashboardView.swift */ = {isa = PBXFileReference; lastKnownFileType = sourcecode.swift; path = DashboardView.swift; sourceTree = "<group>"; };
		A59D728A25FA83AC001E2E21 /* GamesView.swift */ = {isa = PBXFileReference; lastKnownFileType = sourcecode.swift; path = GamesView.swift; sourceTree = "<group>"; };
		A59D728F25FA83FC001E2E21 /* PlatformsView.swift */ = {isa = PBXFileReference; lastKnownFileType = sourcecode.swift; path = PlatformsView.swift; sourceTree = "<group>"; };
		A59D729625FA8424001E2E21 /* ListsView.swift */ = {isa = PBXFileReference; lastKnownFileType = sourcecode.swift; path = ListsView.swift; sourceTree = "<group>"; };
/* End PBXFileReference section */

/* Begin PBXFrameworksBuildPhase section */
		A56A170D25FA80BF008CC4A8 /* Frameworks */ = {
			isa = PBXFrameworksBuildPhase;
			buildActionMask = 2147483647;
			files = (
			);
			runOnlyForDeploymentPostprocessing = 0;
		};
		A56A171525FA80BF008CC4A8 /* Frameworks */ = {
			isa = PBXFrameworksBuildPhase;
			buildActionMask = 2147483647;
			files = (
			);
			runOnlyForDeploymentPostprocessing = 0;
		};
/* End PBXFrameworksBuildPhase section */

/* Begin PBXGroup section */
		A56A170325FA80BE008CC4A8 = {
			isa = PBXGroup;
			children = (
				A56A170825FA80BE008CC4A8 /* Shared */,
				A56A171225FA80BF008CC4A8 /* iOS */,
				A56A171925FA80BF008CC4A8 /* macOS */,
				A56A171125FA80BF008CC4A8 /* Products */,
			);
			sourceTree = "<group>";
		};
		A56A170825FA80BE008CC4A8 /* Shared */ = {
			isa = PBXGroup;
			children = (
				A59A712725FE34E000C9CBF1 /* Utils */,
				A59D728425FA8359001E2E21 /* Views */,
				A56A170925FA80BE008CC4A8 /* GameNetApp.swift */,
				A56A170A25FA80BE008CC4A8 /* ContentView.swift */,
				A56A170B25FA80BF008CC4A8 /* Assets.xcassets */,
				A59A711E25FE331E00C9CBF1 /* Development.xcconfig */,
			);
			path = Shared;
			sourceTree = "<group>";
		};
		A56A171125FA80BF008CC4A8 /* Products */ = {
			isa = PBXGroup;
			children = (
				A56A171025FA80BF008CC4A8 /* GameNet.app */,
				A56A171825FA80BF008CC4A8 /* GameNet.app */,
			);
			name = Products;
			sourceTree = "<group>";
		};
		A56A171225FA80BF008CC4A8 /* iOS */ = {
			isa = PBXGroup;
			children = (
				A56A171325FA80BF008CC4A8 /* Info.plist */,
			);
			path = iOS;
			sourceTree = "<group>";
		};
		A56A171925FA80BF008CC4A8 /* macOS */ = {
			isa = PBXGroup;
			children = (
				A56A171A25FA80BF008CC4A8 /* Info.plist */,
				A56A171B25FA80BF008CC4A8 /* macOS.entitlements */,
			);
			path = macOS;
			sourceTree = "<group>";
		};
		A59A712725FE34E000C9CBF1 /* Utils */ = {
			isa = PBXGroup;
			children = (
				A59A712825FE34E900C9CBF1 /* Configuration.swift */,
			);
			path = Utils;
			sourceTree = "<group>";
		};
		A59D728425FA8359001E2E21 /* Views */ = {
			isa = PBXGroup;
			children = (
				A59D728525FA836F001E2E21 /* DashboardView.swift */,
				A59D728A25FA83AC001E2E21 /* GamesView.swift */,
				A59D728F25FA83FC001E2E21 /* PlatformsView.swift */,
				A59D729625FA8424001E2E21 /* ListsView.swift */,
			);
			path = Views;
			sourceTree = "<group>";
		};
/* End PBXGroup section */

/* Begin PBXNativeTarget section */
		A56A170F25FA80BF008CC4A8 /* GameNet (iOS) */ = {
			isa = PBXNativeTarget;
			buildConfigurationList = A56A172425FA80BF008CC4A8 /* Build configuration list for PBXNativeTarget "GameNet (iOS)" */;
			buildPhases = (
				A56A170C25FA80BF008CC4A8 /* Sources */,
				A56A170D25FA80BF008CC4A8 /* Frameworks */,
				A56A170E25FA80BF008CC4A8 /* Resources */,
			);
			buildRules = (
			);
			dependencies = (
			);
			name = "GameNet (iOS)";
			productName = "GameNet (iOS)";
			productReference = A56A171025FA80BF008CC4A8 /* GameNet.app */;
			productType = "com.apple.product-type.application";
		};
		A56A171725FA80BF008CC4A8 /* GameNet (macOS) */ = {
			isa = PBXNativeTarget;
			buildConfigurationList = A56A172725FA80BF008CC4A8 /* Build configuration list for PBXNativeTarget "GameNet (macOS)" */;
			buildPhases = (
				A56A171425FA80BF008CC4A8 /* Sources */,
				A56A171525FA80BF008CC4A8 /* Frameworks */,
				A56A171625FA80BF008CC4A8 /* Resources */,
			);
			buildRules = (
			);
			dependencies = (
			);
			name = "GameNet (macOS)";
			productName = "GameNet (macOS)";
			productReference = A56A171825FA80BF008CC4A8 /* GameNet.app */;
			productType = "com.apple.product-type.application";
		};
/* End PBXNativeTarget section */

/* Begin PBXProject section */
		A56A170425FA80BE008CC4A8 /* Project object */ = {
			isa = PBXProject;
			attributes = {
				LastSwiftUpdateCheck = 1240;
				LastUpgradeCheck = 1240;
				TargetAttributes = {
					A56A170F25FA80BF008CC4A8 = {
						CreatedOnToolsVersion = 12.4;
					};
					A56A171725FA80BF008CC4A8 = {
						CreatedOnToolsVersion = 12.4;
					};
				};
			};
			buildConfigurationList = A56A170725FA80BE008CC4A8 /* Build configuration list for PBXProject "GameNet" */;
			compatibilityVersion = "Xcode 9.3";
			developmentRegion = en;
			hasScannedForEncodings = 0;
			knownRegions = (
				en,
				Base,
			);
			mainGroup = A56A170325FA80BE008CC4A8;
			productRefGroup = A56A171125FA80BF008CC4A8 /* Products */;
			projectDirPath = "";
			projectRoot = "";
			targets = (
				A56A170F25FA80BF008CC4A8 /* GameNet (iOS) */,
				A56A171725FA80BF008CC4A8 /* GameNet (macOS) */,
			);
		};
/* End PBXProject section */

/* Begin PBXResourcesBuildPhase section */
		A56A170E25FA80BF008CC4A8 /* Resources */ = {
			isa = PBXResourcesBuildPhase;
			buildActionMask = 2147483647;
			files = (
				A59A711F25FE331E00C9CBF1 /* Development.xcconfig in Resources */,
				A56A172025FA80BF008CC4A8 /* Assets.xcassets in Resources */,
			);
			runOnlyForDeploymentPostprocessing = 0;
		};
		A56A171625FA80BF008CC4A8 /* Resources */ = {
			isa = PBXResourcesBuildPhase;
			buildActionMask = 2147483647;
			files = (
				A59A712025FE331E00C9CBF1 /* Development.xcconfig in Resources */,
				A56A172125FA80BF008CC4A8 /* Assets.xcassets in Resources */,
			);
			runOnlyForDeploymentPostprocessing = 0;
		};
/* End PBXResourcesBuildPhase section */

/* Begin PBXSourcesBuildPhase section */
		A56A170C25FA80BF008CC4A8 /* Sources */ = {
			isa = PBXSourcesBuildPhase;
			buildActionMask = 2147483647;
			files = (
				A56A171E25FA80BF008CC4A8 /* ContentView.swift in Sources */,
				A59D728625FA836F001E2E21 /* DashboardView.swift in Sources */,
				A59A712925FE34E900C9CBF1 /* Configuration.swift in Sources */,
				A59D728B25FA83AC001E2E21 /* GamesView.swift in Sources */,
				A56A171C25FA80BF008CC4A8 /* GameNetApp.swift in Sources */,
				A59D729725FA8424001E2E21 /* ListsView.swift in Sources */,
				A59D729025FA83FC001E2E21 /* PlatformsView.swift in Sources */,
			);
			runOnlyForDeploymentPostprocessing = 0;
		};
		A56A171425FA80BF008CC4A8 /* Sources */ = {
			isa = PBXSourcesBuildPhase;
			buildActionMask = 2147483647;
			files = (
				A56A171F25FA80BF008CC4A8 /* ContentView.swift in Sources */,
				A59D728725FA836F001E2E21 /* DashboardView.swift in Sources */,
				A59D728C25FA83AC001E2E21 /* GamesView.swift in Sources */,
				A56A171D25FA80BF008CC4A8 /* GameNetApp.swift in Sources */,
				A59D729825FA8424001E2E21 /* ListsView.swift in Sources */,
				A59D729125FA83FC001E2E21 /* PlatformsView.swift in Sources */,
			);
			runOnlyForDeploymentPostprocessing = 0;
		};
/* End PBXSourcesBuildPhase section */

/* Begin XCBuildConfiguration section */
		A56A172225FA80BF008CC4A8 /* Debug */ = {
			isa = XCBuildConfiguration;
			baseConfigurationReference = A59A711E25FE331E00C9CBF1 /* Development.xcconfig */;
			buildSettings = {
				ALWAYS_SEARCH_USER_PATHS = NO;
				CLANG_ANALYZER_NONNULL = YES;
				CLANG_ANALYZER_NUMBER_OBJECT_CONVERSION = YES_AGGRESSIVE;
				CLANG_CXX_LANGUAGE_STANDARD = "gnu++14";
				CLANG_CXX_LIBRARY = "libc++";
				CLANG_ENABLE_MODULES = YES;
				CLANG_ENABLE_OBJC_ARC = YES;
				CLANG_ENABLE_OBJC_WEAK = YES;
				CLANG_WARN_BLOCK_CAPTURE_AUTORELEASING = YES;
				CLANG_WARN_BOOL_CONVERSION = YES;
				CLANG_WARN_COMMA = YES;
				CLANG_WARN_CONSTANT_CONVERSION = YES;
				CLANG_WARN_DEPRECATED_OBJC_IMPLEMENTATIONS = YES;
				CLANG_WARN_DIRECT_OBJC_ISA_USAGE = YES_ERROR;
				CLANG_WARN_DOCUMENTATION_COMMENTS = YES;
				CLANG_WARN_EMPTY_BODY = YES;
				CLANG_WARN_ENUM_CONVERSION = YES;
				CLANG_WARN_INFINITE_RECURSION = YES;
				CLANG_WARN_INT_CONVERSION = YES;
				CLANG_WARN_NON_LITERAL_NULL_CONVERSION = YES;
				CLANG_WARN_OBJC_IMPLICIT_RETAIN_SELF = YES;
				CLANG_WARN_OBJC_LITERAL_CONVERSION = YES;
				CLANG_WARN_OBJC_ROOT_CLASS = YES_ERROR;
				CLANG_WARN_QUOTED_INCLUDE_IN_FRAMEWORK_HEADER = YES;
				CLANG_WARN_RANGE_LOOP_ANALYSIS = YES;
				CLANG_WARN_STRICT_PROTOTYPES = YES;
				CLANG_WARN_SUSPICIOUS_MOVE = YES;
				CLANG_WARN_UNGUARDED_AVAILABILITY = YES_AGGRESSIVE;
				CLANG_WARN_UNREACHABLE_CODE = YES;
				CLANG_WARN__DUPLICATE_METHOD_MATCH = YES;
				COPY_PHASE_STRIP = NO;
				DEBUG_INFORMATION_FORMAT = dwarf;
				ENABLE_STRICT_OBJC_MSGSEND = YES;
				ENABLE_TESTABILITY = YES;
				GCC_C_LANGUAGE_STANDARD = gnu11;
				GCC_DYNAMIC_NO_PIC = NO;
				GCC_NO_COMMON_BLOCKS = YES;
				GCC_OPTIMIZATION_LEVEL = 0;
				GCC_PREPROCESSOR_DEFINITIONS = (
					"DEBUG=1",
					"$(inherited)",
				);
				GCC_WARN_64_TO_32_BIT_CONVERSION = YES;
				GCC_WARN_ABOUT_RETURN_TYPE = YES_ERROR;
				GCC_WARN_UNDECLARED_SELECTOR = YES;
				GCC_WARN_UNINITIALIZED_AUTOS = YES_AGGRESSIVE;
				GCC_WARN_UNUSED_FUNCTION = YES;
				GCC_WARN_UNUSED_VARIABLE = YES;
				MTL_ENABLE_DEBUG_INFO = INCLUDE_SOURCE;
				MTL_FAST_MATH = YES;
				ONLY_ACTIVE_ARCH = YES;
				SWIFT_ACTIVE_COMPILATION_CONDITIONS = DEBUG;
				SWIFT_OPTIMIZATION_LEVEL = "-Onone";
			};
			name = Debug;
		};
		A56A172325FA80BF008CC4A8 /* Release */ = {
			isa = XCBuildConfiguration;
			baseConfigurationReference = A59A711E25FE331E00C9CBF1 /* Development.xcconfig */;
			buildSettings = {
				ALWAYS_SEARCH_USER_PATHS = NO;
				CLANG_ANALYZER_NONNULL = YES;
				CLANG_ANALYZER_NUMBER_OBJECT_CONVERSION = YES_AGGRESSIVE;
				CLANG_CXX_LANGUAGE_STANDARD = "gnu++14";
				CLANG_CXX_LIBRARY = "libc++";
				CLANG_ENABLE_MODULES = YES;
				CLANG_ENABLE_OBJC_ARC = YES;
				CLANG_ENABLE_OBJC_WEAK = YES;
				CLANG_WARN_BLOCK_CAPTURE_AUTORELEASING = YES;
				CLANG_WARN_BOOL_CONVERSION = YES;
				CLANG_WARN_COMMA = YES;
				CLANG_WARN_CONSTANT_CONVERSION = YES;
				CLANG_WARN_DEPRECATED_OBJC_IMPLEMENTATIONS = YES;
				CLANG_WARN_DIRECT_OBJC_ISA_USAGE = YES_ERROR;
				CLANG_WARN_DOCUMENTATION_COMMENTS = YES;
				CLANG_WARN_EMPTY_BODY = YES;
				CLANG_WARN_ENUM_CONVERSION = YES;
				CLANG_WARN_INFINITE_RECURSION = YES;
				CLANG_WARN_INT_CONVERSION = YES;
				CLANG_WARN_NON_LITERAL_NULL_CONVERSION = YES;
				CLANG_WARN_OBJC_IMPLICIT_RETAIN_SELF = YES;
				CLANG_WARN_OBJC_LITERAL_CONVERSION = YES;
				CLANG_WARN_OBJC_ROOT_CLASS = YES_ERROR;
				CLANG_WARN_QUOTED_INCLUDE_IN_FRAMEWORK_HEADER = YES;
				CLANG_WARN_RANGE_LOOP_ANALYSIS = YES;
				CLANG_WARN_STRICT_PROTOTYPES = YES;
				CLANG_WARN_SUSPICIOUS_MOVE = YES;
				CLANG_WARN_UNGUARDED_AVAILABILITY = YES_AGGRESSIVE;
				CLANG_WARN_UNREACHABLE_CODE = YES;
				CLANG_WARN__DUPLICATE_METHOD_MATCH = YES;
				COPY_PHASE_STRIP = NO;
				DEBUG_INFORMATION_FORMAT = "dwarf-with-dsym";
				ENABLE_NS_ASSERTIONS = NO;
				ENABLE_STRICT_OBJC_MSGSEND = YES;
				GCC_C_LANGUAGE_STANDARD = gnu11;
				GCC_NO_COMMON_BLOCKS = YES;
				GCC_WARN_64_TO_32_BIT_CONVERSION = YES;
				GCC_WARN_ABOUT_RETURN_TYPE = YES_ERROR;
				GCC_WARN_UNDECLARED_SELECTOR = YES;
				GCC_WARN_UNINITIALIZED_AUTOS = YES_AGGRESSIVE;
				GCC_WARN_UNUSED_FUNCTION = YES;
				GCC_WARN_UNUSED_VARIABLE = YES;
				MTL_ENABLE_DEBUG_INFO = NO;
				MTL_FAST_MATH = YES;
				SWIFT_COMPILATION_MODE = wholemodule;
				SWIFT_OPTIMIZATION_LEVEL = "-O";
			};
			name = Release;
		};
		A56A172525FA80BF008CC4A8 /* Debug */ = {
			isa = XCBuildConfiguration;
			baseConfigurationReference = A59A711E25FE331E00C9CBF1 /* Development.xcconfig */;
			buildSettings = {
				ASSETCATALOG_COMPILER_APPICON_NAME = AppIcon;
				ASSETCATALOG_COMPILER_GLOBAL_ACCENT_COLOR_NAME = AccentColor;
				CODE_SIGN_STYLE = Automatic;
				ENABLE_PREVIEWS = YES;
				INFOPLIST_FILE = iOS/Info.plist;
				IPHONEOS_DEPLOYMENT_TARGET = 14.0;
				LD_RUNPATH_SEARCH_PATHS = (
					"$(inherited)",
					"@executable_path/Frameworks",
				);
				PRODUCT_BUNDLE_IDENTIFIER = com.alliston.GameNet;
				PRODUCT_NAME = GameNet;
				SDKROOT = iphoneos;
				SWIFT_VERSION = 5.0;
				TARGETED_DEVICE_FAMILY = "1,2";
			};
			name = Debug;
		};
		A56A172625FA80BF008CC4A8 /* Release */ = {
			isa = XCBuildConfiguration;
			baseConfigurationReference = A59A711E25FE331E00C9CBF1 /* Development.xcconfig */;
			buildSettings = {
				ASSETCATALOG_COMPILER_APPICON_NAME = AppIcon;
				ASSETCATALOG_COMPILER_GLOBAL_ACCENT_COLOR_NAME = AccentColor;
				CODE_SIGN_STYLE = Automatic;
				ENABLE_PREVIEWS = YES;
				INFOPLIST_FILE = iOS/Info.plist;
				IPHONEOS_DEPLOYMENT_TARGET = 14.0;
				LD_RUNPATH_SEARCH_PATHS = (
					"$(inherited)",
					"@executable_path/Frameworks",
				);
				PRODUCT_BUNDLE_IDENTIFIER = com.alliston.GameNet;
				PRODUCT_NAME = GameNet;
				SDKROOT = iphoneos;
				SWIFT_VERSION = 5.0;
				TARGETED_DEVICE_FAMILY = "1,2";
				VALIDATE_PRODUCT = YES;
			};
			name = Release;
		};
		A56A172825FA80BF008CC4A8 /* Debug */ = {
			isa = XCBuildConfiguration;
			baseConfigurationReference = A59A711E25FE331E00C9CBF1 /* Development.xcconfig */;
			buildSettings = {
				ASSETCATALOG_COMPILER_APPICON_NAME = AppIcon;
				ASSETCATALOG_COMPILER_GLOBAL_ACCENT_COLOR_NAME = AccentColor;
				CODE_SIGN_ENTITLEMENTS = macOS/macOS.entitlements;
				CODE_SIGN_STYLE = Automatic;
				COMBINE_HIDPI_IMAGES = YES;
				ENABLE_PREVIEWS = YES;
				INFOPLIST_FILE = macOS/Info.plist;
				LD_RUNPATH_SEARCH_PATHS = (
					"$(inherited)",
					"@executable_path/../Frameworks",
				);
				MACOSX_DEPLOYMENT_TARGET = 11.0;
				PRODUCT_BUNDLE_IDENTIFIER = com.alliston.GameNet;
				PRODUCT_NAME = GameNet;
				SDKROOT = macosx;
				SWIFT_VERSION = 5.0;
			};
			name = Debug;
		};
		A56A172925FA80BF008CC4A8 /* Release */ = {
			isa = XCBuildConfiguration;
			baseConfigurationReference = A59A711E25FE331E00C9CBF1 /* Development.xcconfig */;
			buildSettings = {
				ASSETCATALOG_COMPILER_APPICON_NAME = AppIcon;
				ASSETCATALOG_COMPILER_GLOBAL_ACCENT_COLOR_NAME = AccentColor;
				CODE_SIGN_ENTITLEMENTS = macOS/macOS.entitlements;
				CODE_SIGN_STYLE = Automatic;
				COMBINE_HIDPI_IMAGES = YES;
				ENABLE_PREVIEWS = YES;
				INFOPLIST_FILE = macOS/Info.plist;
				LD_RUNPATH_SEARCH_PATHS = (
					"$(inherited)",
					"@executable_path/../Frameworks",
				);
				MACOSX_DEPLOYMENT_TARGET = 11.0;
				PRODUCT_BUNDLE_IDENTIFIER = com.alliston.GameNet;
				PRODUCT_NAME = GameNet;
				SDKROOT = macosx;
				SWIFT_VERSION = 5.0;
			};
			name = Release;
		};
/* End XCBuildConfiguration section */

/* Begin XCConfigurationList section */
		A56A170725FA80BE008CC4A8 /* Build configuration list for PBXProject "GameNet" */ = {
			isa = XCConfigurationList;
			buildConfigurations = (
				A56A172225FA80BF008CC4A8 /* Debug */,
				A56A172325FA80BF008CC4A8 /* Release */,
			);
			defaultConfigurationIsVisible = 0;
			defaultConfigurationName = Release;
		};
		A56A172425FA80BF008CC4A8 /* Build configuration list for PBXNativeTarget "GameNet (iOS)" */ = {
			isa = XCConfigurationList;
			buildConfigurations = (
				A56A172525FA80BF008CC4A8 /* Debug */,
				A56A172625FA80BF008CC4A8 /* Release */,
			);
			defaultConfigurationIsVisible = 0;
			defaultConfigurationName = Release;
		};
		A56A172725FA80BF008CC4A8 /* Build configuration list for PBXNativeTarget "GameNet (macOS)" */ = {
			isa = XCConfigurationList;
			buildConfigurations = (
				A56A172825FA80BF008CC4A8 /* Debug */,
				A56A172925FA80BF008CC4A8 /* Release */,
			);
			defaultConfigurationIsVisible = 0;
			defaultConfigurationName = Release;
		};
/* End XCConfigurationList section */
	};
	rootObject = A56A170425FA80BE008CC4A8 /* Project object */;
}
